
Microsoft Visual Studio Solution File, Format Version 12.00
# Visual Studio Version 17
VisualStudioVersion = 17.5.002.0
MinimumVisualStudioVersion = 10.0.40219.1
Project("{2150E333-8FDC-42A3-9474-1A3956D46DE8}") = "csharp-ifelse_loops_methods", "csharp-ifelse_loops_methods", "{0A141643-9462-4D51-A1E2-396308CB69D8}"
EndProject
Project("{9A19103F-16F7-4668-BE54-9A1E7A4F7556}") = "4-print_hexa", "csharp-ifelse_loops_methods\4-print_hexa\4-print_hexa.csproj", "{0D648672-EAB3-4CDB-A989-64D1E553B2FE}"
EndProject
Project("{9A19103F-16F7-4668-BE54-9A1E7A4F7556}") = "5-print_comb", "csharp-ifelse_loops_methods\5-print_comb\5-print_comb.csproj", "{DA810A24-EAEC-4A45-ACFD-29A7C96C56BC}"
EndProject
Project("{9A19103F-16F7-4668-BE54-9A1E7A4F7556}") = "3-print_alphabt", "csharp-ifelse_loops_methods\3-print_alphabt\3-print_alphabt.csproj", "{9A6C88CF-031A-4BBA-9C60-039E8398C1A8}"
EndProject
Project("{9A19103F-16F7-4668-BE54-9A1E7A4F7556}") = "10-print_line", "csharp-ifelse_loops_methods\10-print_line\10-print_line.csproj", "{EE5F84F7-2977-4A70-B4C9-CB94E6257160}"
EndProject
Project("{9A19103F-16F7-4668-BE54-9A1E7A4F7556}") = "9-add", "csharp-ifelse_loops_methods\9-add\9-add.csproj", "{A92D40F1-2DBE-4127-ADB9-A0C687128924}"
EndProject
Project("{9A19103F-16F7-4668-BE54-9A1E7A4F7556}") = "12-fizzbuzz", "csharp-ifelse_loops_methods\12-fizzbuzz\12-fizzbuzz.csproj", "{872D5617-C33E-4642-854D-D619A296F425}"
EndProject
Project("{9A19103F-16F7-4668-BE54-9A1E7A4F7556}") = "0-positive_or_negative", "csharp-ifelse_loops_methods\0-positive_or_negative\0-positive_or_negative.csproj", "{A8B4C0BC-49ED-47DB-820E-4A011CA719EF}"
EndProject
Project("{9A19103F-16F7-4668-BE54-9A1E7A4F7556}") = "6-print_comb2", "csharp-ifelse_loops_methods\6-print_comb2\6-print_comb2.csproj", "{97432503-E7A0-421D-9DB8-2AFD108FB29F}"
EndProject
Project("{9A19103F-16F7-4668-BE54-9A1E7A4F7556}") = "2-print_alphabet", "csharp-ifelse_loops_methods\2-print_alphabet\2-print_alphabet.csproj", "{7F9D4724-2AEE-4DDC-87AB-5830E1C60CAF}"
EndProject
Project("{9A19103F-16F7-4668-BE54-9A1E7A4F7556}") = "1-last_digit", "csharp-ifelse_loops_methods\1-last_digit\1-last_digit.csproj", "{14E4DB19-C06D-4B97-89E7-88B9DF4FE54F}"
EndProject
Project("{9A19103F-16F7-4668-BE54-9A1E7A4F7556}") = "8-print_last_digit", "csharp-ifelse_loops_methods\8-print_last_digit\8-print_last_digit.csproj", "{96B747C4-34FF-46E0-816A-F2E933B01578}"
EndProject
Project("{9A19103F-16F7-4668-BE54-9A1E7A4F7556}") = "11-print_diagonal", "csharp-ifelse_loops_methods\11-print_diagonal\11-print_diagonal.csproj", "{C559AF21-3501-49DA-A414-404BF5E9048D}"
EndProject
Project("{9A19103F-16F7-4668-BE54-9A1E7A4F7556}") = "7-islower", "csharp-ifelse_loops_methods\7-islower\7-islower.csproj", "{A42A4031-0AA3-4C6B-A780-BD2A15D98820}"
EndProject
Project("{2150E333-8FDC-42A3-9474-1A3956D46DE8}") = "csharp-hello_world", "csharp-hello_world", "{CA3563CF-2520-41A4-AC34-C4FD5E4ADA68}"
EndProject
Project("{9A19103F-16F7-4668-BE54-9A1E7A4F7556}") = "8-print_variables", "csharp-hello_world\8-print_variables\8-print_variables.csproj", "{8DBEB30F-F63D-42AA-85EE-38162F68EE1D}"
EndProject
Project("{9A19103F-16F7-4668-BE54-9A1E7A4F7556}") = "9-print_specifiers", "csharp-hello_world\9-print_specifiers\9-print_specifiers.csproj", "{944943BF-CE8D-4AA2-9C3D-A662795B4697}"
EndProject
Project("{9A19103F-16F7-4668-BE54-9A1E7A4F7556}") = "5-print_float", "csharp-hello_world\5-print_float\5-print_float.csproj", "{31336A04-FA67-4E27-96F9-BE85A6BB30B8}"
EndProject
Project("{9A19103F-16F7-4668-BE54-9A1E7A4F7556}") = "11-concat_edges", "csharp-hello_world\11-concat_edges\11-concat_edges.csproj", "{0334ABA9-4728-4923-BCB5-64DA00F2A565}"
EndProject
Project("{9A19103F-16F7-4668-BE54-9A1E7A4F7556}") = "4-print_integer", "csharp-hello_world\4-print_integer\4-print_integer.csproj", "{561FA08F-66C4-42B4-B8F2-9CB70BAF322F}"
EndProject
Project("{9A19103F-16F7-4668-BE54-9A1E7A4F7556}") = "10-copy_cut_paste", "csharp-hello_world\10-copy_cut_paste\10-copy_cut_paste.csproj", "{5D403047-0DA9-4C1A-B7B6-7ABC72A88186}"
EndProject
Project("{9A19103F-16F7-4668-BE54-9A1E7A4F7556}") = "6-print_string", "csharp-hello_world\6-print_string\6-print_string.csproj", "{B5653B83-F764-4B98-8AD7-7042E3BD5382}"
EndProject
Project("{9A19103F-16F7-4668-BE54-9A1E7A4F7556}") = "7-concat", "csharp-hello_world\7-concat\7-concat.csproj", "{E13100AC-AB19-4694-9946-3546A13DF693}"
EndProject
Project("{9A19103F-16F7-4668-BE54-9A1E7A4F7556}") = "3-writeline", "csharp-hello_world\3-writeline\3-writeline.csproj", "{F9647267-D784-4D53-8821-5053A99AF4ED}"
EndProject
Project("{2150E333-8FDC-42A3-9474-1A3956D46DE8}") = "csharp-arrays_lists_dictionaries", "csharp-arrays_lists_dictionaries", "{13707609-BE02-41E5-B27C-968E13EAD27E}"
EndProject
Project("{9A19103F-16F7-4668-BE54-9A1E7A4F7556}") = "13-best_score", "csharp-arrays_lists_dictionaries\13-best_score\13-best_score.csproj", "{DF5DB08A-EA99-4AC9-845F-B81EC645F578}"
EndProject
Project("{9A19103F-16F7-4668-BE54-9A1E7A4F7556}") = "11-multiply_by_2", "csharp-arrays_lists_dictionaries\11-multiply_by_2\11-multiply_by_2.csproj", "{57A602C4-5B75-474A-BA81-B8DB21A008D1}"
EndProject
Project("{9A19103F-16F7-4668-BE54-9A1E7A4F7556}") = "3-print_array_reverse", "csharp-arrays_lists_dictionaries\3-print_array_reverse\3-print_array_reverse.csproj", "{B8D84704-D462-44A4-AB13-84B97D995157}"
EndProject
Project("{9A19103F-16F7-4668-BE54-9A1E7A4F7556}") = "6-divisible_by_2", "csharp-arrays_lists_dictionaries\6-divisible_by_2\6-divisible_by_2.csproj", "{69C6CF68-83C5-45E2-9C99-E0AA78F226C9}"
EndProject
Project("{9A19103F-16F7-4668-BE54-9A1E7A4F7556}") = "10-delete_key_value", "csharp-arrays_lists_dictionaries\10-delete_key_value\10-delete_key_value.csproj", "{BBE46377-717F-40E5-8B8E-6648BA77F332}"
EndProject
Project("{9A19103F-16F7-4668-BE54-9A1E7A4F7556}") = "9-add_key_value", "csharp-arrays_lists_dictionaries\9-add_key_value\9-add_key_value.csproj", "{5847ED3B-60C6-4CDE-89A5-281529838A38}"
EndProject
Project("{9A19103F-16F7-4668-BE54-9A1E7A4F7556}") = "7-delete_at", "csharp-arrays_lists_dictionaries\7-delete_at\7-delete_at.csproj", "{17B9A82D-5BCB-4EC7-BCBF-C0F4E2A3E22C}"
EndProject
Project("{9A19103F-16F7-4668-BE54-9A1E7A4F7556}") = "2-replace_element", "csharp-arrays_lists_dictionaries\2-replace_element\2-replace_element.csproj", "{2C9FBE4C-DFBC-4D5E-85ED-F19F84E510A2}"
EndProject
Project("{9A19103F-16F7-4668-BE54-9A1E7A4F7556}") = "4-print_list", "csharp-arrays_lists_dictionaries\4-print_list\4-print_list.csproj", "{AFF1E087-ADBB-465E-BC92-0CB6A07854B4}"
EndProject
Project("{9A19103F-16F7-4668-BE54-9A1E7A4F7556}") = "8-number_keys", "csharp-arrays_lists_dictionaries\8-number_keys\8-number_keys.csproj", "{81F735BC-F1C8-4B61-9AC8-C697412E1FB9}"
EndProject
Project("{9A19103F-16F7-4668-BE54-9A1E7A4F7556}") = "14-rectangular_array", "csharp-arrays_lists_dictionaries\14-rectangular_array\14-rectangular_array.csproj", "{962BD44B-9853-478C-86D9-66DB0F15885E}"
EndProject
Project("{9A19103F-16F7-4668-BE54-9A1E7A4F7556}") = "0-print_array", "csharp-arrays_lists_dictionaries\0-print_array\0-print_array.csproj", "{1179805F-1C56-440C-8F00-35AE64299228}"
EndProject
Project("{9A19103F-16F7-4668-BE54-9A1E7A4F7556}") = "12-print_sorted_dictionary", "csharp-arrays_lists_dictionaries\12-print_sorted_dictionary\12-print_sorted_dictionary.csproj", "{277ADB3B-ACCE-4BC2-83EF-1FC68E2C1943}"
EndProject
Project("{9A19103F-16F7-4668-BE54-9A1E7A4F7556}") = "5-max_integer", "csharp-arrays_lists_dictionaries\5-max_integer\5-max_integer.csproj", "{1579880E-180C-4549-99A8-A77AA8547974}"
EndProject
Project("{9A19103F-16F7-4668-BE54-9A1E7A4F7556}") = "1-element_at", "csharp-arrays_lists_dictionaries\1-element_at\1-element_at.csproj", "{230CCC61-1214-4D4D-8702-3B40DDABD686}"
EndProject
Project("{9A19103F-16F7-4668-BE54-9A1E7A4F7556}") = "15-square_matrix", "csharp-arrays_lists_dictionaries\15-square_matrix\15-square_matrix.csproj", "{08D3F68B-199C-4F6C-A7CB-6F5D290FFBB1}"
EndProject
Project("{2150E333-8FDC-42A3-9474-1A3956D46DE8}") = "11-concat_edges (1)", "11-concat_edges", "{F389BD3F-2B00-4260-B636-796670972AD2}"
EndProject
Project("{9A19103F-16F7-4668-BE54-9A1E7A4F7556}") = "0-positive_or_negative", "csharp-hello_world\11-concat_edges\0-positive_or_negative\0-positive_or_negative.csproj", "{31C067ED-FF71-4B8C-A905-9AB72D0BFA7B}"
EndProject
Global
	GlobalSection(SolutionConfigurationPlatforms) = preSolution
		Debug|Any CPU = Debug|Any CPU
		Release|Any CPU = Release|Any CPU
	EndGlobalSection
	GlobalSection(ProjectConfigurationPlatforms) = postSolution
		{0D648672-EAB3-4CDB-A989-64D1E553B2FE}.Debug|Any CPU.ActiveCfg = Debug|Any CPU
		{0D648672-EAB3-4CDB-A989-64D1E553B2FE}.Debug|Any CPU.Build.0 = Debug|Any CPU
		{0D648672-EAB3-4CDB-A989-64D1E553B2FE}.Release|Any CPU.ActiveCfg = Release|Any CPU
		{0D648672-EAB3-4CDB-A989-64D1E553B2FE}.Release|Any CPU.Build.0 = Release|Any CPU
		{DA810A24-EAEC-4A45-ACFD-29A7C96C56BC}.Debug|Any CPU.ActiveCfg = Debug|Any CPU
		{DA810A24-EAEC-4A45-ACFD-29A7C96C56BC}.Debug|Any CPU.Build.0 = Debug|Any CPU
		{DA810A24-EAEC-4A45-ACFD-29A7C96C56BC}.Release|Any CPU.ActiveCfg = Release|Any CPU
		{DA810A24-EAEC-4A45-ACFD-29A7C96C56BC}.Release|Any CPU.Build.0 = Release|Any CPU
		{9A6C88CF-031A-4BBA-9C60-039E8398C1A8}.Debug|Any CPU.ActiveCfg = Debug|Any CPU
		{9A6C88CF-031A-4BBA-9C60-039E8398C1A8}.Debug|Any CPU.Build.0 = Debug|Any CPU
		{9A6C88CF-031A-4BBA-9C60-039E8398C1A8}.Release|Any CPU.ActiveCfg = Release|Any CPU
		{9A6C88CF-031A-4BBA-9C60-039E8398C1A8}.Release|Any CPU.Build.0 = Release|Any CPU
		{EE5F84F7-2977-4A70-B4C9-CB94E6257160}.Debug|Any CPU.ActiveCfg = Debug|Any CPU
		{EE5F84F7-2977-4A70-B4C9-CB94E6257160}.Debug|Any CPU.Build.0 = Debug|Any CPU
		{EE5F84F7-2977-4A70-B4C9-CB94E6257160}.Release|Any CPU.ActiveCfg = Release|Any CPU
		{EE5F84F7-2977-4A70-B4C9-CB94E6257160}.Release|Any CPU.Build.0 = Release|Any CPU
		{A92D40F1-2DBE-4127-ADB9-A0C687128924}.Debug|Any CPU.ActiveCfg = Debug|Any CPU
		{A92D40F1-2DBE-4127-ADB9-A0C687128924}.Debug|Any CPU.Build.0 = Debug|Any CPU
		{A92D40F1-2DBE-4127-ADB9-A0C687128924}.Release|Any CPU.ActiveCfg = Release|Any CPU
		{A92D40F1-2DBE-4127-ADB9-A0C687128924}.Release|Any CPU.Build.0 = Release|Any CPU
		{872D5617-C33E-4642-854D-D619A296F425}.Debug|Any CPU.ActiveCfg = Debug|Any CPU
		{872D5617-C33E-4642-854D-D619A296F425}.Debug|Any CPU.Build.0 = Debug|Any CPU
		{872D5617-C33E-4642-854D-D619A296F425}.Release|Any CPU.ActiveCfg = Release|Any CPU
		{872D5617-C33E-4642-854D-D619A296F425}.Release|Any CPU.Build.0 = Release|Any CPU
		{A8B4C0BC-49ED-47DB-820E-4A011CA719EF}.Debug|Any CPU.ActiveCfg = Debug|Any CPU
		{A8B4C0BC-49ED-47DB-820E-4A011CA719EF}.Debug|Any CPU.Build.0 = Debug|Any CPU
		{A8B4C0BC-49ED-47DB-820E-4A011CA719EF}.Release|Any CPU.ActiveCfg = Release|Any CPU
		{A8B4C0BC-49ED-47DB-820E-4A011CA719EF}.Release|Any CPU.Build.0 = Release|Any CPU
		{97432503-E7A0-421D-9DB8-2AFD108FB29F}.Debug|Any CPU.ActiveCfg = Debug|Any CPU
		{97432503-E7A0-421D-9DB8-2AFD108FB29F}.Debug|Any CPU.Build.0 = Debug|Any CPU
		{97432503-E7A0-421D-9DB8-2AFD108FB29F}.Release|Any CPU.ActiveCfg = Release|Any CPU
		{97432503-E7A0-421D-9DB8-2AFD108FB29F}.Release|Any CPU.Build.0 = Release|Any CPU
		{7F9D4724-2AEE-4DDC-87AB-5830E1C60CAF}.Debug|Any CPU.ActiveCfg = Debug|Any CPU
		{7F9D4724-2AEE-4DDC-87AB-5830E1C60CAF}.Debug|Any CPU.Build.0 = Debug|Any CPU
		{7F9D4724-2AEE-4DDC-87AB-5830E1C60CAF}.Release|Any CPU.ActiveCfg = Release|Any CPU
		{7F9D4724-2AEE-4DDC-87AB-5830E1C60CAF}.Release|Any CPU.Build.0 = Release|Any CPU
		{14E4DB19-C06D-4B97-89E7-88B9DF4FE54F}.Debug|Any CPU.ActiveCfg = Debug|Any CPU
		{14E4DB19-C06D-4B97-89E7-88B9DF4FE54F}.Debug|Any CPU.Build.0 = Debug|Any CPU
		{14E4DB19-C06D-4B97-89E7-88B9DF4FE54F}.Release|Any CPU.ActiveCfg = Release|Any CPU
		{14E4DB19-C06D-4B97-89E7-88B9DF4FE54F}.Release|Any CPU.Build.0 = Release|Any CPU
		{96B747C4-34FF-46E0-816A-F2E933B01578}.Debug|Any CPU.ActiveCfg = Debug|Any CPU
		{96B747C4-34FF-46E0-816A-F2E933B01578}.Debug|Any CPU.Build.0 = Debug|Any CPU
		{96B747C4-34FF-46E0-816A-F2E933B01578}.Release|Any CPU.ActiveCfg = Release|Any CPU
		{96B747C4-34FF-46E0-816A-F2E933B01578}.Release|Any CPU.Build.0 = Release|Any CPU
		{C559AF21-3501-49DA-A414-404BF5E9048D}.Debug|Any CPU.ActiveCfg = Debug|Any CPU
		{C559AF21-3501-49DA-A414-404BF5E9048D}.Debug|Any CPU.Build.0 = Debug|Any CPU
		{C559AF21-3501-49DA-A414-404BF5E9048D}.Release|Any CPU.ActiveCfg = Release|Any CPU
		{C559AF21-3501-49DA-A414-404BF5E9048D}.Release|Any CPU.Build.0 = Release|Any CPU
		{A42A4031-0AA3-4C6B-A780-BD2A15D98820}.Debug|Any CPU.ActiveCfg = Debug|Any CPU
		{A42A4031-0AA3-4C6B-A780-BD2A15D98820}.Debug|Any CPU.Build.0 = Debug|Any CPU
		{A42A4031-0AA3-4C6B-A780-BD2A15D98820}.Release|Any CPU.ActiveCfg = Release|Any CPU
		{A42A4031-0AA3-4C6B-A780-BD2A15D98820}.Release|Any CPU.Build.0 = Release|Any CPU
		{8DBEB30F-F63D-42AA-85EE-38162F68EE1D}.Debug|Any CPU.ActiveCfg = Debug|Any CPU
		{8DBEB30F-F63D-42AA-85EE-38162F68EE1D}.Debug|Any CPU.Build.0 = Debug|Any CPU
		{8DBEB30F-F63D-42AA-85EE-38162F68EE1D}.Release|Any CPU.ActiveCfg = Release|Any CPU
		{8DBEB30F-F63D-42AA-85EE-38162F68EE1D}.Release|Any CPU.Build.0 = Release|Any CPU
		{944943BF-CE8D-4AA2-9C3D-A662795B4697}.Debug|Any CPU.ActiveCfg = Debug|Any CPU
		{944943BF-CE8D-4AA2-9C3D-A662795B4697}.Debug|Any CPU.Build.0 = Debug|Any CPU
		{944943BF-CE8D-4AA2-9C3D-A662795B4697}.Release|Any CPU.ActiveCfg = Release|Any CPU
		{944943BF-CE8D-4AA2-9C3D-A662795B4697}.Release|Any CPU.Build.0 = Release|Any CPU
		{31336A04-FA67-4E27-96F9-BE85A6BB30B8}.Debug|Any CPU.ActiveCfg = Debug|Any CPU
		{31336A04-FA67-4E27-96F9-BE85A6BB30B8}.Debug|Any CPU.Build.0 = Debug|Any CPU
		{31336A04-FA67-4E27-96F9-BE85A6BB30B8}.Release|Any CPU.ActiveCfg = Release|Any CPU
		{31336A04-FA67-4E27-96F9-BE85A6BB30B8}.Release|Any CPU.Build.0 = Release|Any CPU
		{0334ABA9-4728-4923-BCB5-64DA00F2A565}.Debug|Any CPU.ActiveCfg = Debug|Any CPU
		{0334ABA9-4728-4923-BCB5-64DA00F2A565}.Debug|Any CPU.Build.0 = Debug|Any CPU
		{0334ABA9-4728-4923-BCB5-64DA00F2A565}.Release|Any CPU.ActiveCfg = Release|Any CPU
		{0334ABA9-4728-4923-BCB5-64DA00F2A565}.Release|Any CPU.Build.0 = Release|Any CPU
		{561FA08F-66C4-42B4-B8F2-9CB70BAF322F}.Debug|Any CPU.ActiveCfg = Debug|Any CPU
		{561FA08F-66C4-42B4-B8F2-9CB70BAF322F}.Debug|Any CPU.Build.0 = Debug|Any CPU
		{561FA08F-66C4-42B4-B8F2-9CB70BAF322F}.Release|Any CPU.ActiveCfg = Release|Any CPU
		{561FA08F-66C4-42B4-B8F2-9CB70BAF322F}.Release|Any CPU.Build.0 = Release|Any CPU
		{5D403047-0DA9-4C1A-B7B6-7ABC72A88186}.Debug|Any CPU.ActiveCfg = Debug|Any CPU
		{5D403047-0DA9-4C1A-B7B6-7ABC72A88186}.Debug|Any CPU.Build.0 = Debug|Any CPU
		{5D403047-0DA9-4C1A-B7B6-7ABC72A88186}.Release|Any CPU.ActiveCfg = Release|Any CPU
		{5D403047-0DA9-4C1A-B7B6-7ABC72A88186}.Release|Any CPU.Build.0 = Release|Any CPU
		{B5653B83-F764-4B98-8AD7-7042E3BD5382}.Debug|Any CPU.ActiveCfg = Debug|Any CPU
		{B5653B83-F764-4B98-8AD7-7042E3BD5382}.Debug|Any CPU.Build.0 = Debug|Any CPU
		{B5653B83-F764-4B98-8AD7-7042E3BD5382}.Release|Any CPU.ActiveCfg = Release|Any CPU
		{B5653B83-F764-4B98-8AD7-7042E3BD5382}.Release|Any CPU.Build.0 = Release|Any CPU
		{E13100AC-AB19-4694-9946-3546A13DF693}.Debug|Any CPU.ActiveCfg = Debug|Any CPU
		{E13100AC-AB19-4694-9946-3546A13DF693}.Debug|Any CPU.Build.0 = Debug|Any CPU
		{E13100AC-AB19-4694-9946-3546A13DF693}.Release|Any CPU.ActiveCfg = Release|Any CPU
		{E13100AC-AB19-4694-9946-3546A13DF693}.Release|Any CPU.Build.0 = Release|Any CPU
		{F9647267-D784-4D53-8821-5053A99AF4ED}.Debug|Any CPU.ActiveCfg = Debug|Any CPU
		{F9647267-D784-4D53-8821-5053A99AF4ED}.Debug|Any CPU.Build.0 = Debug|Any CPU
		{F9647267-D784-4D53-8821-5053A99AF4ED}.Release|Any CPU.ActiveCfg = Release|Any CPU
		{F9647267-D784-4D53-8821-5053A99AF4ED}.Release|Any CPU.Build.0 = Release|Any CPU
		{DF5DB08A-EA99-4AC9-845F-B81EC645F578}.Debug|Any CPU.ActiveCfg = Debug|Any CPU
		{DF5DB08A-EA99-4AC9-845F-B81EC645F578}.Debug|Any CPU.Build.0 = Debug|Any CPU
		{DF5DB08A-EA99-4AC9-845F-B81EC645F578}.Release|Any CPU.ActiveCfg = Release|Any CPU
		{DF5DB08A-EA99-4AC9-845F-B81EC645F578}.Release|Any CPU.Build.0 = Release|Any CPU
		{57A602C4-5B75-474A-BA81-B8DB21A008D1}.Debug|Any CPU.ActiveCfg = Debug|Any CPU
		{57A602C4-5B75-474A-BA81-B8DB21A008D1}.Debug|Any CPU.Build.0 = Debug|Any CPU
		{57A602C4-5B75-474A-BA81-B8DB21A008D1}.Release|Any CPU.ActiveCfg = Release|Any CPU
		{57A602C4-5B75-474A-BA81-B8DB21A008D1}.Release|Any CPU.Build.0 = Release|Any CPU
		{B8D84704-D462-44A4-AB13-84B97D995157}.Debug|Any CPU.ActiveCfg = Debug|Any CPU
		{B8D84704-D462-44A4-AB13-84B97D995157}.Debug|Any CPU.Build.0 = Debug|Any CPU
		{B8D84704-D462-44A4-AB13-84B97D995157}.Release|Any CPU.ActiveCfg = Release|Any CPU
		{B8D84704-D462-44A4-AB13-84B97D995157}.Release|Any CPU.Build.0 = Release|Any CPU
		{69C6CF68-83C5-45E2-9C99-E0AA78F226C9}.Debug|Any CPU.ActiveCfg = Debug|Any CPU
		{69C6CF68-83C5-45E2-9C99-E0AA78F226C9}.Debug|Any CPU.Build.0 = Debug|Any CPU
		{69C6CF68-83C5-45E2-9C99-E0AA78F226C9}.Release|Any CPU.ActiveCfg = Release|Any CPU
		{69C6CF68-83C5-45E2-9C99-E0AA78F226C9}.Release|Any CPU.Build.0 = Release|Any CPU
		{BBE46377-717F-40E5-8B8E-6648BA77F332}.Debug|Any CPU.ActiveCfg = Debug|Any CPU
		{BBE46377-717F-40E5-8B8E-6648BA77F332}.Debug|Any CPU.Build.0 = Debug|Any CPU
		{BBE46377-717F-40E5-8B8E-6648BA77F332}.Release|Any CPU.ActiveCfg = Release|Any CPU
		{BBE46377-717F-40E5-8B8E-6648BA77F332}.Release|Any CPU.Build.0 = Release|Any CPU
		{5847ED3B-60C6-4CDE-89A5-281529838A38}.Debug|Any CPU.ActiveCfg = Debug|Any CPU
		{5847ED3B-60C6-4CDE-89A5-281529838A38}.Debug|Any CPU.Build.0 = Debug|Any CPU
		{5847ED3B-60C6-4CDE-89A5-281529838A38}.Release|Any CPU.ActiveCfg = Release|Any CPU
		{5847ED3B-60C6-4CDE-89A5-281529838A38}.Release|Any CPU.Build.0 = Release|Any CPU
		{17B9A82D-5BCB-4EC7-BCBF-C0F4E2A3E22C}.Debug|Any CPU.ActiveCfg = Debug|Any CPU
		{17B9A82D-5BCB-4EC7-BCBF-C0F4E2A3E22C}.Debug|Any CPU.Build.0 = Debug|Any CPU
		{17B9A82D-5BCB-4EC7-BCBF-C0F4E2A3E22C}.Release|Any CPU.ActiveCfg = Release|Any CPU
		{17B9A82D-5BCB-4EC7-BCBF-C0F4E2A3E22C}.Release|Any CPU.Build.0 = Release|Any CPU
		{2C9FBE4C-DFBC-4D5E-85ED-F19F84E510A2}.Debug|Any CPU.ActiveCfg = Debug|Any CPU
		{2C9FBE4C-DFBC-4D5E-85ED-F19F84E510A2}.Debug|Any CPU.Build.0 = Debug|Any CPU
		{2C9FBE4C-DFBC-4D5E-85ED-F19F84E510A2}.Release|Any CPU.ActiveCfg = Release|Any CPU
		{2C9FBE4C-DFBC-4D5E-85ED-F19F84E510A2}.Release|Any CPU.Build.0 = Release|Any CPU
		{AFF1E087-ADBB-465E-BC92-0CB6A07854B4}.Debug|Any CPU.ActiveCfg = Debug|Any CPU
		{AFF1E087-ADBB-465E-BC92-0CB6A07854B4}.Debug|Any CPU.Build.0 = Debug|Any CPU
		{AFF1E087-ADBB-465E-BC92-0CB6A07854B4}.Release|Any CPU.ActiveCfg = Release|Any CPU
		{AFF1E087-ADBB-465E-BC92-0CB6A07854B4}.Release|Any CPU.Build.0 = Release|Any CPU
		{81F735BC-F1C8-4B61-9AC8-C697412E1FB9}.Debug|Any CPU.ActiveCfg = Debug|Any CPU
		{81F735BC-F1C8-4B61-9AC8-C697412E1FB9}.Debug|Any CPU.Build.0 = Debug|Any CPU
		{81F735BC-F1C8-4B61-9AC8-C697412E1FB9}.Release|Any CPU.ActiveCfg = Release|Any CPU
		{81F735BC-F1C8-4B61-9AC8-C697412E1FB9}.Release|Any CPU.Build.0 = Release|Any CPU
		{962BD44B-9853-478C-86D9-66DB0F15885E}.Debug|Any CPU.ActiveCfg = Debug|Any CPU
		{962BD44B-9853-478C-86D9-66DB0F15885E}.Debug|Any CPU.Build.0 = Debug|Any CPU
		{962BD44B-9853-478C-86D9-66DB0F15885E}.Release|Any CPU.ActiveCfg = Release|Any CPU
		{962BD44B-9853-478C-86D9-66DB0F15885E}.Release|Any CPU.Build.0 = Release|Any CPU
		{1179805F-1C56-440C-8F00-35AE64299228}.Debug|Any CPU.ActiveCfg = Debug|Any CPU
		{1179805F-1C56-440C-8F00-35AE64299228}.Debug|Any CPU.Build.0 = Debug|Any CPU
		{1179805F-1C56-440C-8F00-35AE64299228}.Release|Any CPU.ActiveCfg = Release|Any CPU
		{1179805F-1C56-440C-8F00-35AE64299228}.Release|Any CPU.Build.0 = Release|Any CPU
		{277ADB3B-ACCE-4BC2-83EF-1FC68E2C1943}.Debug|Any CPU.ActiveCfg = Debug|Any CPU
		{277ADB3B-ACCE-4BC2-83EF-1FC68E2C1943}.Debug|Any CPU.Build.0 = Debug|Any CPU
		{277ADB3B-ACCE-4BC2-83EF-1FC68E2C1943}.Release|Any CPU.ActiveCfg = Release|Any CPU
		{277ADB3B-ACCE-4BC2-83EF-1FC68E2C1943}.Release|Any CPU.Build.0 = Release|Any CPU
		{1579880E-180C-4549-99A8-A77AA8547974}.Debug|Any CPU.ActiveCfg = Debug|Any CPU
		{1579880E-180C-4549-99A8-A77AA8547974}.Debug|Any CPU.Build.0 = Debug|Any CPU
		{1579880E-180C-4549-99A8-A77AA8547974}.Release|Any CPU.ActiveCfg = Release|Any CPU
		{1579880E-180C-4549-99A8-A77AA8547974}.Release|Any CPU.Build.0 = Release|Any CPU
		{230CCC61-1214-4D4D-8702-3B40DDABD686}.Debug|Any CPU.ActiveCfg = Debug|Any CPU
		{230CCC61-1214-4D4D-8702-3B40DDABD686}.Debug|Any CPU.Build.0 = Debug|Any CPU
		{230CCC61-1214-4D4D-8702-3B40DDABD686}.Release|Any CPU.ActiveCfg = Release|Any CPU
		{230CCC61-1214-4D4D-8702-3B40DDABD686}.Release|Any CPU.Build.0 = Release|Any CPU
		{08D3F68B-199C-4F6C-A7CB-6F5D290FFBB1}.Debug|Any CPU.ActiveCfg = Debug|Any CPU
		{08D3F68B-199C-4F6C-A7CB-6F5D290FFBB1}.Debug|Any CPU.Build.0 = Debug|Any CPU
		{08D3F68B-199C-4F6C-A7CB-6F5D290FFBB1}.Release|Any CPU.ActiveCfg = Release|Any CPU
		{08D3F68B-199C-4F6C-A7CB-6F5D290FFBB1}.Release|Any CPU.Build.0 = Release|Any CPU
		{31C067ED-FF71-4B8C-A905-9AB72D0BFA7B}.Debug|Any CPU.ActiveCfg = Debug|Any CPU
		{31C067ED-FF71-4B8C-A905-9AB72D0BFA7B}.Debug|Any CPU.Build.0 = Debug|Any CPU
		{31C067ED-FF71-4B8C-A905-9AB72D0BFA7B}.Release|Any CPU.ActiveCfg = Release|Any CPU
		{31C067ED-FF71-4B8C-A905-9AB72D0BFA7B}.Release|Any CPU.Build.0 = Release|Any CPU
	EndGlobalSection
	GlobalSection(SolutionProperties) = preSolution
		HideSolutionNode = FALSE
	EndGlobalSection
	GlobalSection(NestedProjects) = preSolution
		{0D648672-EAB3-4CDB-A989-64D1E553B2FE} = {0A141643-9462-4D51-A1E2-396308CB69D8}
		{DA810A24-EAEC-4A45-ACFD-29A7C96C56BC} = {0A141643-9462-4D51-A1E2-396308CB69D8}
		{9A6C88CF-031A-4BBA-9C60-039E8398C1A8} = {0A141643-9462-4D51-A1E2-396308CB69D8}
		{EE5F84F7-2977-4A70-B4C9-CB94E6257160} = {0A141643-9462-4D51-A1E2-396308CB69D8}
		{A92D40F1-2DBE-4127-ADB9-A0C687128924} = {0A141643-9462-4D51-A1E2-396308CB69D8}
		{872D5617-C33E-4642-854D-D619A296F425} = {0A141643-9462-4D51-A1E2-396308CB69D8}
		{A8B4C0BC-49ED-47DB-820E-4A011CA719EF} = {0A141643-9462-4D51-A1E2-396308CB69D8}
		{97432503-E7A0-421D-9DB8-2AFD108FB29F} = {0A141643-9462-4D51-A1E2-396308CB69D8}
		{7F9D4724-2AEE-4DDC-87AB-5830E1C60CAF} = {0A141643-9462-4D51-A1E2-396308CB69D8}
		{14E4DB19-C06D-4B97-89E7-88B9DF4FE54F} = {0A141643-9462-4D51-A1E2-396308CB69D8}
		{96B747C4-34FF-46E0-816A-F2E933B01578} = {0A141643-9462-4D51-A1E2-396308CB69D8}
		{C559AF21-3501-49DA-A414-404BF5E9048D} = {0A141643-9462-4D51-A1E2-396308CB69D8}
		{A42A4031-0AA3-4C6B-A780-BD2A15D98820} = {0A141643-9462-4D51-A1E2-396308CB69D8}
		{8DBEB30F-F63D-42AA-85EE-38162F68EE1D} = {CA3563CF-2520-41A4-AC34-C4FD5E4ADA68}
		{944943BF-CE8D-4AA2-9C3D-A662795B4697} = {CA3563CF-2520-41A4-AC34-C4FD5E4ADA68}
		{31336A04-FA67-4E27-96F9-BE85A6BB30B8} = {CA3563CF-2520-41A4-AC34-C4FD5E4ADA68}
		{0334ABA9-4728-4923-BCB5-64DA00F2A565} = {CA3563CF-2520-41A4-AC34-C4FD5E4ADA68}
		{561FA08F-66C4-42B4-B8F2-9CB70BAF322F} = {CA3563CF-2520-41A4-AC34-C4FD5E4ADA68}
		{5D403047-0DA9-4C1A-B7B6-7ABC72A88186} = {CA3563CF-2520-41A4-AC34-C4FD5E4ADA68}
		{B5653B83-F764-4B98-8AD7-7042E3BD5382} = {CA3563CF-2520-41A4-AC34-C4FD5E4ADA68}
		{E13100AC-AB19-4694-9946-3546A13DF693} = {CA3563CF-2520-41A4-AC34-C4FD5E4ADA68}
		{F9647267-D784-4D53-8821-5053A99AF4ED} = {CA3563CF-2520-41A4-AC34-C4FD5E4ADA68}
		{DF5DB08A-EA99-4AC9-845F-B81EC645F578} = {13707609-BE02-41E5-B27C-968E13EAD27E}
		{57A602C4-5B75-474A-BA81-B8DB21A008D1} = {13707609-BE02-41E5-B27C-968E13EAD27E}
		{B8D84704-D462-44A4-AB13-84B97D995157} = {13707609-BE02-41E5-B27C-968E13EAD27E}
		{69C6CF68-83C5-45E2-9C99-E0AA78F226C9} = {13707609-BE02-41E5-B27C-968E13EAD27E}
		{BBE46377-717F-40E5-8B8E-6648BA77F332} = {13707609-BE02-41E5-B27C-968E13EAD27E}
		{5847ED3B-60C6-4CDE-89A5-281529838A38} = {13707609-BE02-41E5-B27C-968E13EAD27E}
		{17B9A82D-5BCB-4EC7-BCBF-C0F4E2A3E22C} = {13707609-BE02-41E5-B27C-968E13EAD27E}
		{2C9FBE4C-DFBC-4D5E-85ED-F19F84E510A2} = {13707609-BE02-41E5-B27C-968E13EAD27E}
		{AFF1E087-ADBB-465E-BC92-0CB6A07854B4} = {13707609-BE02-41E5-B27C-968E13EAD27E}
		{81F735BC-F1C8-4B61-9AC8-C697412E1FB9} = {13707609-BE02-41E5-B27C-968E13EAD27E}
		{962BD44B-9853-478C-86D9-66DB0F15885E} = {13707609-BE02-41E5-B27C-968E13EAD27E}
		{1179805F-1C56-440C-8F00-35AE64299228} = {13707609-BE02-41E5-B27C-968E13EAD27E}
		{277ADB3B-ACCE-4BC2-83EF-1FC68E2C1943} = {13707609-BE02-41E5-B27C-968E13EAD27E}
		{1579880E-180C-4549-99A8-A77AA8547974} = {13707609-BE02-41E5-B27C-968E13EAD27E}
		{230CCC61-1214-4D4D-8702-3B40DDABD686} = {13707609-BE02-41E5-B27C-968E13EAD27E}
		{08D3F68B-199C-4F6C-A7CB-6F5D290FFBB1} = {13707609-BE02-41E5-B27C-968E13EAD27E}
		{F389BD3F-2B00-4260-B636-796670972AD2} = {CA3563CF-2520-41A4-AC34-C4FD5E4ADA68}
		{31C067ED-FF71-4B8C-A905-9AB72D0BFA7B} = {F389BD3F-2B00-4260-B636-796670972AD2}
	EndGlobalSection
	GlobalSection(ExtensibilityGlobals) = postSolution
		SolutionGuid = {8702CF0D-EBDC-41A9-B9AD-F99F39192CBA}
	EndGlobalSection
EndGlobal
